
Microsoft Visual Studio Solution File, Format Version 12.00
# Visual Studio 15
VisualStudioVersion = 15.0.28307.271
MinimumVisualStudioVersion = 10.0.40219.1
Project("{9A19103F-16F7-4668-BE54-9A1E7A4F7556}") = "ChatRoom", "ChatRoom\ChatRoom.csproj", "{AD113C47-34D0-4823-ABE3-06E794859393}"
EndProject
Global
	GlobalSection(SolutionConfigurationPlatforms) = preSolution
		Debug|Any CPU = Debug|Any CPU
		Release|Any CPU = Release|Any CPU
	EndGlobalSection
	GlobalSection(ProjectConfigurationPlatforms) = postSolution
		{AD113C47-34D0-4823-ABE3-06E794859393}.Debug|Any CPU.ActiveCfg = Debug|Any CPU
		{AD113C47-34D0-4823-ABE3-06E794859393}.Debug|Any CPU.Build.0 = Debug|Any CPU
		{AD113C47-34D0-4823-ABE3-06E794859393}.Release|Any CPU.ActiveCfg = Release|Any CPU
		{AD113C47-34D0-4823-ABE3-06E794859393}.Release|Any CPU.Build.0 = Release|Any CPU
	EndGlobalSection
	GlobalSection(SolutionProperties) = preSolution
		HideSolutionNode = FALSE
	EndGlobalSection
	GlobalSection(ExtensibilityGlobals) = postSolution
		SolutionGuid = {32D13374-2BA1-4833-99FC-1E743B93C59A}
	EndGlobalSection
EndGlobal
